
Microsoft Visual Studio Solution File, Format Version 12.00
# Visual Studio Version 17
VisualStudioVersion = 17.0.31903.59
MinimumVisualStudioVersion = 10.0.40219.1
Project("{FAE04EC0-301F-11D3-BF4B-00C04F79EFBC}") = "Explosive-Memory.Api", "Explosive-Memory.Api\Explosive-Memory.Api.csproj", "{EF3532C4-5947-4B86-9F4F-8A1B4D099158}"
EndProject
Project("{FAE04EC0-301F-11D3-BF4B-00C04F79EFBC}") = "Explosive-Memory.Domain", "Explosive-Memory.Domain\Explosive-Memory.Domain.csproj", "{AD7F79FA-76C9-461C-9C71-AB54F45DE113}"
EndProject
Global
	GlobalSection(SolutionConfigurationPlatforms) = preSolution
		Debug|Any CPU = Debug|Any CPU
		Release|Any CPU = Release|Any CPU
	EndGlobalSection
	GlobalSection(SolutionProperties) = preSolution
		HideSolutionNode = FALSE
	EndGlobalSection
	GlobalSection(ProjectConfigurationPlatforms) = postSolution
		{EF3532C4-5947-4B86-9F4F-8A1B4D099158}.Debug|Any CPU.ActiveCfg = Debug|Any CPU
		{EF3532C4-5947-4B86-9F4F-8A1B4D099158}.Debug|Any CPU.Build.0 = Debug|Any CPU
		{EF3532C4-5947-4B86-9F4F-8A1B4D099158}.Release|Any CPU.ActiveCfg = Release|Any CPU
		{EF3532C4-5947-4B86-9F4F-8A1B4D099158}.Release|Any CPU.Build.0 = Release|Any CPU
		{AD7F79FA-76C9-461C-9C71-AB54F45DE113}.Debug|Any CPU.ActiveCfg = Debug|Any CPU
		{AD7F79FA-76C9-461C-9C71-AB54F45DE113}.Debug|Any CPU.Build.0 = Debug|Any CPU
		{AD7F79FA-76C9-461C-9C71-AB54F45DE113}.Release|Any CPU.ActiveCfg = Release|Any CPU
		{AD7F79FA-76C9-461C-9C71-AB54F45DE113}.Release|Any CPU.Build.0 = Release|Any CPU
	EndGlobalSection
EndGlobal
